
Microsoft Visual Studio Solution File, Format Version 12.00
# Visual Studio Version 16
VisualStudioVersion = 16.0.31105.61
MinimumVisualStudioVersion = 10.0.40219.1
Project("{9A19103F-16F7-4668-BE54-9A1E7A4F7556}") = "WebApi", "WebApi.csproj", "{D68821BF-A824-4A76-BFF9-16EE6B147149}"
EndProject
Project("{FAE04EC0-301F-11D3-BF4B-00C04F79EFBC}") = "ConnectionTool", "..\ConnectionTools\ConnectionTool.csproj", "{66821BE6-A37A-49B4-97D6-8FF7066B4ACB}"
EndProject
Global
	GlobalSection(SolutionConfigurationPlatforms) = preSolution
		Debug|Any CPU = Debug|Any CPU
		Release|Any CPU = Release|Any CPU
	EndGlobalSection
	GlobalSection(ProjectConfigurationPlatforms) = postSolution
		{D68821BF-A824-4A76-BFF9-16EE6B147149}.Debug|Any CPU.ActiveCfg = Debug|Any CPU
		{D68821BF-A824-4A76-BFF9-16EE6B147149}.Debug|Any CPU.Build.0 = Debug|Any CPU
		{D68821BF-A824-4A76-BFF9-16EE6B147149}.Release|Any CPU.ActiveCfg = Release|Any CPU
		{D68821BF-A824-4A76-BFF9-16EE6B147149}.Release|Any CPU.Build.0 = Release|Any CPU
		{66821BE6-A37A-49B4-97D6-8FF7066B4ACB}.Debug|Any CPU.ActiveCfg = Debug|Any CPU
		{66821BE6-A37A-49B4-97D6-8FF7066B4ACB}.Debug|Any CPU.Build.0 = Debug|Any CPU
		{66821BE6-A37A-49B4-97D6-8FF7066B4ACB}.Release|Any CPU.ActiveCfg = Release|Any CPU
		{66821BE6-A37A-49B4-97D6-8FF7066B4ACB}.Release|Any CPU.Build.0 = Release|Any CPU
	EndGlobalSection
	GlobalSection(SolutionProperties) = preSolution
		HideSolutionNode = FALSE
	EndGlobalSection
	GlobalSection(ExtensibilityGlobals) = postSolution
		SolutionGuid = {7AF0AF89-B042-40CA-9C1C-ECA53B094D18}
	EndGlobalSection
EndGlobal
